// !$*UTF8*$!
{
	archiveVersion = 1;
	classes = {
	};
	objectVersion = 46;
	objects = {

/* Begin PBXBuildFile section */
		63902C901A10766100E2B33D /* main.m in Sources */ = {isa = PBXBuildFile; fileRef = 63902C8F1A10766100E2B33D /* main.m */; };
		63902C931A10766100E2B33D /* AppDelegate.m in Sources */ = {isa = PBXBuildFile; fileRef = 63902C921A10766100E2B33D /* AppDelegate.m */; };
		63902C961A10766100E2B33D /* ViewController.m in Sources */ = {isa = PBXBuildFile; fileRef = 63902C951A10766100E2B33D /* ViewController.m */; };
		63902C991A10766100E2B33D /* Main.storyboard in Resources */ = {isa = PBXBuildFile; fileRef = 63902C971A10766100E2B33D /* Main.storyboard */; };
		63902C9B1A10766100E2B33D /* Images.xcassets in Resources */ = {isa = PBXBuildFile; fileRef = 63902C9A1A10766100E2B33D /* Images.xcassets */; };
		63902C9E1A10766100E2B33D /* LaunchScreen.xib in Resources */ = {isa = PBXBuildFile; fileRef = 63902C9C1A10766100E2B33D /* LaunchScreen.xib */; };
		63902CAA1A10766100E2B33D /* GardenCountdownTests.m in Sources */ = {isa = PBXBuildFile; fileRef = 63902CA91A10766100E2B33D /* GardenCountdownTests.m */; };
/* End PBXBuildFile section */

/* Begin PBXContainerItemProxy section */
		63902CA41A10766100E2B33D /* PBXContainerItemProxy */ = {
			isa = PBXContainerItemProxy;
			containerPortal = 63902C821A10766100E2B33D /* Project object */;
			proxyType = 1;
			remoteGlobalIDString = 63902C891A10766100E2B33D;
			remoteInfo = GardenCountdown;
		};
/* End PBXContainerItemProxy section */

/* Begin PBXFileReference section */
		63902C8A1A10766100E2B33D /* GardenCountdown.app */ = {isa = PBXFileReference; explicitFileType = wrapper.application; includeInIndex = 0; path = GardenCountdown.app; sourceTree = BUILT_PRODUCTS_DIR; };
		63902C8E1A10766100E2B33D /* Info.plist */ = {isa = PBXFileReference; lastKnownFileType = text.plist.xml; path = Info.plist; sourceTree = "<group>"; };
		63902C8F1A10766100E2B33D /* main.m */ = {isa = PBXFileReference; lastKnownFileType = sourcecode.c.objc; path = main.m; sourceTree = "<group>"; };
		63902C911A10766100E2B33D /* AppDelegate.h */ = {isa = PBXFileReference; lastKnownFileType = sourcecode.c.h; path = AppDelegate.h; sourceTree = "<group>"; };
		63902C921A10766100E2B33D /* AppDelegate.m */ = {isa = PBXFileReference; lastKnownFileType = sourcecode.c.objc; path = AppDelegate.m; sourceTree = "<group>"; };
		63902C941A10766100E2B33D /* ViewController.h */ = {isa = PBXFileReference; lastKnownFileType = sourcecode.c.h; path = ViewController.h; sourceTree = "<group>"; };
		63902C951A10766100E2B33D /* ViewController.m */ = {isa = PBXFileReference; lastKnownFileType = sourcecode.c.objc; path = ViewController.m; sourceTree = "<group>"; };
		63902C981A10766100E2B33D /* Base */ = {isa = PBXFileReference; lastKnownFileType = file.storyboard; name = Base; path = Base.lproj/Main.storyboard; sourceTree = "<group>"; };
		63902C9A1A10766100E2B33D /* Images.xcassets */ = {isa = PBXFileReference; lastKnownFileType = folder.assetcatalog; path = Images.xcassets; sourceTree = "<group>"; };
		63902C9D1A10766100E2B33D /* Base */ = {isa = PBXFileReference; lastKnownFileType = file.xib; name = Base; path = Base.lproj/LaunchScreen.xib; sourceTree = "<group>"; };
		63902CA31A10766100E2B33D /* GardenCountdownTests.xctest */ = {isa = PBXFileReference; explicitFileType = wrapper.cfbundle; includeInIndex = 0; path = GardenCountdownTests.xctest; sourceTree = BUILT_PRODUCTS_DIR; };
		63902CA81A10766100E2B33D /* Info.plist */ = {isa = PBXFileReference; lastKnownFileType = text.plist.xml; path = Info.plist; sourceTree = "<group>"; };
		63902CA91A10766100E2B33D /* GardenCountdownTests.m */ = {isa = PBXFileReference; lastKnownFileType = sourcecode.c.objc; path = GardenCountdownTests.m; sourceTree = "<group>"; };
/* End PBXFileReference section */

/* Begin PBXFrameworksBuildPhase section */
		63902C871A10766100E2B33D /* Frameworks */ = {
			isa = PBXFrameworksBuildPhase;
			buildActionMask = 2147483647;
			files = (
			);
			runOnlyForDeploymentPostprocessing = 0;
		};
		63902CA01A10766100E2B33D /* Frameworks */ = {
			isa = PBXFrameworksBuildPhase;
			buildActionMask = 2147483647;
			files = (
			);
			runOnlyForDeploymentPostprocessing = 0;
		};
/* End PBXFrameworksBuildPhase section */

/* Begin PBXGroup section */
		63902C811A10766100E2B33D = {
			isa = PBXGroup;
			children = (
				63902C8C1A10766100E2B33D /* GardenCountdown */,
				63902CA61A10766100E2B33D /* GardenCountdownTests */,
				63902C8B1A10766100E2B33D /* Products */,
			);
			sourceTree = "<group>";
		};
		63902C8B1A10766100E2B33D /* Products */ = {
			isa = PBXGroup;
			children = (
				63902C8A1A10766100E2B33D /* GardenCountdown.app */,
				63902CA31A10766100E2B33D /* GardenCountdownTests.xctest */,
			);
			name = Products;
			sourceTree = "<group>";
		};
		63902C8C1A10766100E2B33D /* GardenCountdown */ = {
			isa = PBXGroup;
			children = (
				63902C911A10766100E2B33D /* AppDelegate.h */,
				63902C921A10766100E2B33D /* AppDelegate.m */,
				63902C941A10766100E2B33D /* ViewController.h */,
				63902C951A10766100E2B33D /* ViewController.m */,
				63902C971A10766100E2B33D /* Main.storyboard */,
				63902C9A1A10766100E2B33D /* Images.xcassets */,
				63902C9C1A10766100E2B33D /* LaunchScreen.xib */,
				63902C8D1A10766100E2B33D /* Supporting Files */,
			);
			path = GardenCountdown;
			sourceTree = "<group>";
		};
		63902C8D1A10766100E2B33D /* Supporting Files */ = {
			isa = PBXGroup;
			children = (
				63902C8E1A10766100E2B33D /* Info.plist */,
				63902C8F1A10766100E2B33D /* main.m */,
			);
			name = "Supporting Files";
			sourceTree = "<group>";
		};
		63902CA61A10766100E2B33D /* GardenCountdownTests */ = {
			isa = PBXGroup;
			children = (
				63902CA91A10766100E2B33D /* GardenCountdownTests.m */,
				63902CA71A10766100E2B33D /* Supporting Files */,
			);
			path = GardenCountdownTests;
			sourceTree = "<group>";
		};
		63902CA71A10766100E2B33D /* Supporting Files */ = {
			isa = PBXGroup;
			children = (
				63902CA81A10766100E2B33D /* Info.plist */,
			);
			name = "Supporting Files";
			sourceTree = "<group>";
		};
/* End PBXGroup section */

/* Begin PBXNativeTarget section */
		63902C891A10766100E2B33D /* GardenCountdown */ = {
			isa = PBXNativeTarget;
			buildConfigurationList = 63902CAD1A10766100E2B33D /* Build configuration list for PBXNativeTarget "GardenCountdown" */;
			buildPhases = (
				63902C861A10766100E2B33D /* Sources */,
				63902C871A10766100E2B33D /* Frameworks */,
				63902C881A10766100E2B33D /* Resources */,
			);
			buildRules = (
			);
			dependencies = (
			);
			name = GardenCountdown;
			productName = GardenCountdown;
			productReference = 63902C8A1A10766100E2B33D /* GardenCountdown.app */;
			productType = "com.apple.product-type.application";
		};
		63902CA21A10766100E2B33D /* GardenCountdownTests */ = {
			isa = PBXNativeTarget;
			buildConfigurationList = 63902CB01A10766100E2B33D /* Build configuration list for PBXNativeTarget "GardenCountdownTests" */;
			buildPhases = (
				63902C9F1A10766100E2B33D /* Sources */,
				63902CA01A10766100E2B33D /* Frameworks */,
				63902CA11A10766100E2B33D /* Resources */,
			);
			buildRules = (
			);
			dependencies = (
				63902CA51A10766100E2B33D /* PBXTargetDependency */,
			);
			name = GardenCountdownTests;
			productName = GardenCountdownTests;
			productReference = 63902CA31A10766100E2B33D /* GardenCountdownTests.xctest */;
			productType = "com.apple.product-type.bundle.unit-test";
		};
/* End PBXNativeTarget section */

/* Begin PBXProject section */
		63902C821A10766100E2B33D /* Project object */ = {
			isa = PBXProject;
			attributes = {
				LastUpgradeCheck = 0610;
				ORGANIZATIONNAME = "David Nguyen";
				TargetAttributes = {
					63902C891A10766100E2B33D = {
						CreatedOnToolsVersion = 6.1;
					};
					63902CA21A10766100E2B33D = {
						CreatedOnToolsVersion = 6.1;
						TestTargetID = 63902C891A10766100E2B33D;
					};
				};
			};
			buildConfigurationList = 63902C851A10766100E2B33D /* Build configuration list for PBXProject "GardenCountdown" */;
			compatibilityVersion = "Xcode 3.2";
			developmentRegion = English;
			hasScannedForEncodings = 0;
			knownRegions = (
				en,
				Base,
			);
			mainGroup = 63902C811A10766100E2B33D;
			productRefGroup = 63902C8B1A10766100E2B33D /* Products */;
			projectDirPath = "";
			projectRoot = "";
			targets = (
				63902C891A10766100E2B33D /* GardenCountdown */,
				63902CA21A10766100E2B33D /* GardenCountdownTests */,
			);
		};
/* End PBXProject section */

/* Begin PBXResourcesBuildPhase section */
		63902C881A10766100E2B33D /* Resources */ = {
			isa = PBXResourcesBuildPhase;
			buildActionMask = 2147483647;
			files = (
				63902C991A10766100E2B33D /* Main.storyboard in Resources */,
				63902C9E1A10766100E2B33D /* LaunchScreen.xib in Resources */,
				63902C9B1A10766100E2B33D /* Images.xcassets in Resources */,
			);
			runOnlyForDeploymentPostprocessing = 0;
		};
		63902CA11A10766100E2B33D /* Resources */ = {
			isa = PBXResourcesBuildPhase;
			buildActionMask = 2147483647;
			files = (
			);
			runOnlyForDeploymentPostprocessing = 0;
		};
/* End PBXResourcesBuildPhase section */

/* Begin PBXSourcesBuildPhase section */
		63902C861A10766100E2B33D /* Sources */ = {
			isa = PBXSourcesBuildPhase;
			buildActionMask = 2147483647;
			files = (
				63902C961A10766100E2B33D /* ViewController.m in Sources */,
				63902C931A10766100E2B33D /* AppDelegate.m in Sources */,
				63902C901A10766100E2B33D /* main.m in Sources */,
			);
			runOnlyForDeploymentPostprocessing = 0;
		};
		63902C9F1A10766100E2B33D /* Sources */ = {
			isa = PBXSourcesBuildPhase;
			buildActionMask = 2147483647;
			files = (
				63902CAA1A10766100E2B33D /* GardenCountdownTests.m in Sources */,
			);
			runOnlyForDeploymentPostprocessing = 0;
		};
/* End PBXSourcesBuildPhase section */

/* Begin PBXTargetDependency section */
		63902CA51A10766100E2B33D /* PBXTargetDependency */ = {
			isa = PBXTargetDependency;
			target = 63902C891A10766100E2B33D /* GardenCountdown */;
			targetProxy = 63902CA41A10766100E2B33D /* PBXContainerItemProxy */;
		};
/* End PBXTargetDependency section */

/* Begin PBXVariantGroup section */
		63902C971A10766100E2B33D /* Main.storyboard */ = {
			isa = PBXVariantGroup;
			children = (
				63902C981A10766100E2B33D /* Base */,
			);
			name = Main.storyboard;
			sourceTree = "<group>";
		};
		63902C9C1A10766100E2B33D /* LaunchScreen.xib */ = {
			isa = PBXVariantGroup;
			children = (
				63902C9D1A10766100E2B33D /* Base */,
			);
			name = LaunchScreen.xib;
			sourceTree = "<group>";
		};
/* End PBXVariantGroup section */

/* Begin XCBuildConfiguration section */
		63902CAB1A10766100E2B33D /* Debug */ = {
			isa = XCBuildConfiguration;
			buildSettings = {
				ALWAYS_SEARCH_USER_PATHS = NO;
				CLANG_CXX_LANGUAGE_STANDARD = "gnu++0x";
				CLANG_CXX_LIBRARY = "libc++";
				CLANG_ENABLE_MODULES = YES;
				CLANG_ENABLE_OBJC_ARC = YES;
				CLANG_WARN_BOOL_CONVERSION = YES;
				CLANG_WARN_CONSTANT_CONVERSION = YES;
				CLANG_WARN_DIRECT_OBJC_ISA_USAGE = YES_ERROR;
				CLANG_WARN_EMPTY_BODY = YES;
				CLANG_WARN_ENUM_CONVERSION = YES;
				CLANG_WARN_INT_CONVERSION = YES;
				CLANG_WARN_OBJC_ROOT_CLASS = YES_ERROR;
				CLANG_WARN_UNREACHABLE_CODE = YES;
				CLANG_WARN__DUPLICATE_METHOD_MATCH = YES;
				"CODE_SIGN_IDENTITY[sdk=iphoneos*]" = "iPhone Developer";
				COPY_PHASE_STRIP = NO;
				ENABLE_STRICT_OBJC_MSGSEND = YES;
				GCC_C_LANGUAGE_STANDARD = gnu99;
				GCC_DYNAMIC_NO_PIC = NO;
				GCC_OPTIMIZATION_LEVEL = 0;
				GCC_PREPROCESSOR_DEFINITIONS = (
					"DEBUG=1",
					"$(inherited)",
				);
				GCC_SYMBOLS_PRIVATE_EXTERN = NO;
				GCC_WARN_64_TO_32_BIT_CONVERSION = YES;
				GCC_WARN_ABOUT_RETURN_TYPE = YES_ERROR;
				GCC_WARN_UNDECLARED_SELECTOR = YES;
				GCC_WARN_UNINITIALIZED_AUTOS = YES_AGGRESSIVE;
				GCC_WARN_UNUSED_FUNCTION = YES;
				GCC_WARN_UNUSED_VARIABLE = YES;
				IPHONEOS_DEPLOYMENT_TARGET = 8.1;
				MTL_ENABLE_DEBUG_INFO = YES;
				ONLY_ACTIVE_ARCH = YES;
				SDKROOT = iphoneos;
			};
			name = Debug;
		};
		63902CAC1A10766100E2B33D /* Release */ = {
			isa = XCBuildConfiguration;
			buildSettings = {
				ALWAYS_SEARCH_USER_PATHS = NO;
				CLANG_CXX_LANGUAGE_STANDARD = "gnu++0x";
				CLANG_CXX_LIBRARY = "libc++";
				CLANG_ENABLE_MODULES = YES;
				CLANG_ENABLE_OBJC_ARC = YES;
				CLANG_WARN_BOOL_CONVERSION = YES;
				CLANG_WARN_CONSTANT_CONVERSION = YES;
				CLANG_WARN_DIRECT_OBJC_ISA_USAGE = YES_ERROR;
				CLANG_WARN_EMPTY_BODY = YES;
				CLANG_WARN_ENUM_CONVERSION = YES;
				CLANG_WARN_INT_CONVERSION = YES;
				CLANG_WARN_OBJC_ROOT_CLASS = YES_ERROR;
				CLANG_WARN_UNREACHABLE_CODE = YES;
				CLANG_WARN__DUPLICATE_METHOD_MATCH = YES;
				"CODE_SIGN_IDENTITY[sdk=iphoneos*]" = "iPhone Developer";
				COPY_PHASE_STRIP = YES;
				ENABLE_NS_ASSERTIONS = NO;
				ENABLE_STRICT_OBJC_MSGSEND = YES;
				GCC_C_LANGUAGE_STANDARD = gnu99;
				GCC_WARN_64_TO_32_BIT_CONVERSION = YES;
				GCC_WARN_ABOUT_RETURN_TYPE = YES_ERROR;
				GCC_WARN_UNDECLARED_SELECTOR = YES;
				GCC_WARN_UNINITIALIZED_AUTOS = YES_AGGRESSIVE;
				GCC_WARN_UNUSED_FUNCTION = YES;
				GCC_WARN_UNUSED_VARIABLE = YES;
				IPHONEOS_DEPLOYMENT_TARGET = 8.1;
				MTL_ENABLE_DEBUG_INFO = NO;
				SDKROOT = iphoneos;
				VALIDATE_PRODUCT = YES;
			};
			name = Release;
		};
		63902CAE1A10766100E2B33D /* Debug */ = {
			isa = XCBuildConfiguration;
			buildSettings = {
				ASSETCATALOG_COMPILER_APPICON_NAME = AppIcon;
				INFOPLIST_FILE = GardenCountdown/Info.plist;
				LD_RUNPATH_SEARCH_PATHS = "$(inherited) @executable_path/Frameworks";
				PRODUCT_NAME = "$(TARGET_NAME)";
			};
			name = Debug;
		};
		63902CAF1A10766100E2B33D /* Release */ = {
			isa = XCBuildConfiguration;
			buildSettings = {
				ASSETCATALOG_COMPILER_APPICON_NAME = AppIcon;
				INFOPLIST_FILE = GardenCountdown/Info.plist;
				LD_RUNPATH_SEARCH_PATHS = "$(inherited) @executable_path/Frameworks";
				PRODUCT_NAME = "$(TARGET_NAME)";
			};
			name = Release;
		};
		63902CB11A10766100E2B33D /* Debug */ = {
			isa = XCBuildConfiguration;
			buildSettings = {
				BUNDLE_LOADER = "$(TEST_HOST)";
				FRAMEWORK_SEARCH_PATHS = (
					"$(SDKROOT)/Developer/Library/Frameworks",
					"$(inherited)",
				);
				GCC_PREPROCESSOR_DEFINITIONS = (
					"DEBUG=1",
					"$(inherited)",
				);
				INFOPLIST_FILE = GardenCountdownTests/Info.plist;
				LD_RUNPATH_SEARCH_PATHS = "$(inherited) @executable_path/Frameworks @loader_path/Frameworks";
				PRODUCT_NAME = "$(TARGET_NAME)";
				TEST_HOST = "$(BUILT_PRODUCTS_DIR)/GardenCountdown.app/GardenCountdown";
			};
			name = Debug;
		};
		63902CB21A10766100E2B33D /* Release */ = {
			isa = XCBuildConfiguration;
			buildSettings = {
				BUNDLE_LOADER = "$(TEST_HOST)";
				FRAMEWORK_SEARCH_PATHS = (
					"$(SDKROOT)/Developer/Library/Frameworks",
					"$(inherited)",
				);
				INFOPLIST_FILE = GardenCountdownTests/Info.plist;
				LD_RUNPATH_SEARCH_PATHS = "$(inherited) @executable_path/Frameworks @loader_path/Frameworks";
				PRODUCT_NAME = "$(TARGET_NAME)";
				TEST_HOST = "$(BUILT_PRODUCTS_DIR)/GardenCountdown.app/GardenCountdown";
			};
			name = Release;
		};
/* End XCBuildConfiguration section */

/* Begin XCConfigurationList section */
		63902C851A10766100E2B33D /* Build configuration list for PBXProject "GardenCountdown" */ = {
			isa = XCConfigurationList;
			buildConfigurations = (
				63902CAB1A10766100E2B33D /* Debug */,
				63902CAC1A10766100E2B33D /* Release */,
			);
			defaultConfigurationIsVisible = 0;
			defaultConfigurationName = Release;
		};
		63902CAD1A10766100E2B33D /* Build configuration list for PBXNativeTarget "GardenCountdown" */ = {
			isa = XCConfigurationList;
			buildConfigurations = (
				63902CAE1A10766100E2B33D /* Debug */,
				63902CAF1A10766100E2B33D /* Release */,
			);
			defaultConfigurationIsVisible = 0;
		};
		63902CB01A10766100E2B33D /* Build configuration list for PBXNativeTarget "GardenCountdownTests" */ = {
			isa = XCConfigurationList;
			buildConfigurations = (
				63902CB11A10766100E2B33D /* Debug */,
				63902CB21A10766100E2B33D /* Release */,
			);
			defaultConfigurationIsVisible = 0;
		};
/* End XCConfigurationList section */
	};
	rootObject = 63902C821A10766100E2B33D /* Project object */;
}
